// !$*UTF8*$!
{
	archiveVersion = 1;
	classes = {
	};
	objectVersion = 46;
	objects = {

/* Begin PBXBuildFile section */
		1A2398FC19FD13D800882787 /* MemoryLeakTestTests.swift in Sources */ = {isa = PBXBuildFile; fileRef = 1A2398FB19FD13D800882787 /* MemoryLeakTestTests.swift */; };
		1A23991319FD145000882787 /* ViewController.swift in Sources */ = {isa = PBXBuildFile; fileRef = 1A23990619FD145000882787 /* ViewController.swift */; };
		1A23991419FD145000882787 /* Images.xcassets in Resources */ = {isa = PBXBuildFile; fileRef = 1A23990919FD145000882787 /* Images.xcassets */; };
		1A23991519FD145000882787 /* AppDelegate.swift in Sources */ = {isa = PBXBuildFile; fileRef = 1A23990B19FD145000882787 /* AppDelegate.swift */; };
		1A23991819FD145000882787 /* Main.storyboard in Resources */ = {isa = PBXBuildFile; fileRef = 1A23991019FD145000882787 /* Main.storyboard */; };
		1A23991A19FD234600882787 /* Person.swift in Sources */ = {isa = PBXBuildFile; fileRef = 1A23991919FD234600882787 /* Person.swift */; };
/* End PBXBuildFile section */

/* Begin PBXContainerItemProxy section */
		1A2398F619FD13D800882787 /* PBXContainerItemProxy */ = {
			isa = PBXContainerItemProxy;
			containerPortal = 1A2398D819FD13D700882787 /* Project object */;
			proxyType = 1;
			remoteGlobalIDString = 1A2398DF19FD13D700882787;
			remoteInfo = MemoryLeakTest;
		};
/* End PBXContainerItemProxy section */

/* Begin PBXFileReference section */
		1A2398E019FD13D700882787 /* MemoryLeakTest.app */ = {isa = PBXFileReference; explicitFileType = wrapper.application; includeInIndex = 0; path = MemoryLeakTest.app; sourceTree = BUILT_PRODUCTS_DIR; };
		1A2398F519FD13D800882787 /* MemoryLeakTestTests.xctest */ = {isa = PBXFileReference; explicitFileType = wrapper.cfbundle; includeInIndex = 0; path = MemoryLeakTestTests.xctest; sourceTree = BUILT_PRODUCTS_DIR; };
		1A2398FA19FD13D800882787 /* Info.plist */ = {isa = PBXFileReference; lastKnownFileType = text.plist.xml; path = Info.plist; sourceTree = "<group>"; };
		1A2398FB19FD13D800882787 /* MemoryLeakTestTests.swift */ = {isa = PBXFileReference; lastKnownFileType = sourcecode.swift; path = MemoryLeakTestTests.swift; sourceTree = "<group>"; };
		1A23990619FD145000882787 /* ViewController.swift */ = {isa = PBXFileReference; fileEncoding = 4; lastKnownFileType = sourcecode.swift; path = ViewController.swift; sourceTree = "<group>"; };
		1A23990919FD145000882787 /* Images.xcassets */ = {isa = PBXFileReference; lastKnownFileType = folder.assetcatalog; path = Images.xcassets; sourceTree = "<group>"; };
		1A23990B19FD145000882787 /* AppDelegate.swift */ = {isa = PBXFileReference; fileEncoding = 4; lastKnownFileType = sourcecode.swift; path = AppDelegate.swift; sourceTree = "<group>"; };
		1A23990C19FD145000882787 /* Info.plist */ = {isa = PBXFileReference; fileEncoding = 4; lastKnownFileType = text.plist.xml; path = Info.plist; sourceTree = "<group>"; };
		1A23991119FD145000882787 /* Base */ = {isa = PBXFileReference; lastKnownFileType = file.storyboard; name = Base; path = Base.lproj/Main.storyboard; sourceTree = "<group>"; };
		1A23991919FD234600882787 /* Person.swift */ = {isa = PBXFileReference; fileEncoding = 4; lastKnownFileType = sourcecode.swift; path = Person.swift; sourceTree = "<group>"; };
/* End PBXFileReference section */

/* Begin PBXFrameworksBuildPhase section */
		1A2398DD19FD13D700882787 /* Frameworks */ = {
			isa = PBXFrameworksBuildPhase;
			buildActionMask = 2147483647;
			files = (
			);
			runOnlyForDeploymentPostprocessing = 0;
		};
		1A2398F219FD13D800882787 /* Frameworks */ = {
			isa = PBXFrameworksBuildPhase;
			buildActionMask = 2147483647;
			files = (
			);
			runOnlyForDeploymentPostprocessing = 0;
		};
/* End PBXFrameworksBuildPhase section */

/* Begin PBXGroup section */
		1A2398D719FD13D700882787 = {
			isa = PBXGroup;
			children = (
				1A2398E219FD13D700882787 /* MemoryLeakTest */,
				1A2398F819FD13D800882787 /* MemoryLeakTestTests */,
				1A2398E119FD13D700882787 /* Products */,
			);
			sourceTree = "<group>";
		};
		1A2398E119FD13D700882787 /* Products */ = {
			isa = PBXGroup;
			children = (
				1A2398E019FD13D700882787 /* MemoryLeakTest.app */,
				1A2398F519FD13D800882787 /* MemoryLeakTestTests.xctest */,
			);
			name = Products;
			sourceTree = "<group>";
		};
		1A2398E219FD13D700882787 /* MemoryLeakTest */ = {
			isa = PBXGroup;
			children = (
				1A23990519FD145000882787 /* Controller */,
				1A23990719FD145000882787 /* Model */,
				1A23990819FD145000882787 /* Resources */,
				1A23990A19FD145000882787 /* Supporting Files */,
				1A23990D19FD145000882787 /* User Interface */,
				1A23991219FD145000882787 /* View */,
			);
			path = MemoryLeakTest;
			sourceTree = "<group>";
		};
		1A2398F819FD13D800882787 /* MemoryLeakTestTests */ = {
			isa = PBXGroup;
			children = (
				1A2398FB19FD13D800882787 /* MemoryLeakTestTests.swift */,
				1A2398F919FD13D800882787 /* Supporting Files */,
			);
			path = MemoryLeakTestTests;
			sourceTree = "<group>";
		};
		1A2398F919FD13D800882787 /* Supporting Files */ = {
			isa = PBXGroup;
			children = (
				1A2398FA19FD13D800882787 /* Info.plist */,
			);
			name = "Supporting Files";
			sourceTree = "<group>";
		};
		1A23990519FD145000882787 /* Controller */ = {
			isa = PBXGroup;
			children = (
				1A23990619FD145000882787 /* ViewController.swift */,
			);
			path = Controller;
			sourceTree = "<group>";
		};
		1A23990719FD145000882787 /* Model */ = {
			isa = PBXGroup;
			children = (
				1A23991919FD234600882787 /* Person.swift */,
			);
			path = Model;
			sourceTree = "<group>";
		};
		1A23990819FD145000882787 /* Resources */ = {
			isa = PBXGroup;
			children = (
				1A23990919FD145000882787 /* Images.xcassets */,
			);
			path = Resources;
			sourceTree = "<group>";
		};
		1A23990A19FD145000882787 /* Supporting Files */ = {
			isa = PBXGroup;
			children = (
				1A23990B19FD145000882787 /* AppDelegate.swift */,
				1A23990C19FD145000882787 /* Info.plist */,
			);
			path = "Supporting Files";
			sourceTree = "<group>";
		};
		1A23990D19FD145000882787 /* User Interface */ = {
			isa = PBXGroup;
			children = (
				1A23991019FD145000882787 /* Main.storyboard */,
			);
			path = "User Interface";
			sourceTree = "<group>";
		};
		1A23991219FD145000882787 /* View */ = {
			isa = PBXGroup;
			children = (
			);
			path = View;
			sourceTree = "<group>";
		};
/* End PBXGroup section */

/* Begin PBXNativeTarget section */
		1A2398DF19FD13D700882787 /* MemoryLeakTest */ = {
			isa = PBXNativeTarget;
			buildConfigurationList = 1A2398FF19FD13D800882787 /* Build configuration list for PBXNativeTarget "MemoryLeakTest" */;
			buildPhases = (
				1A2398DC19FD13D700882787 /* Sources */,
				1A2398DD19FD13D700882787 /* Frameworks */,
				1A2398DE19FD13D700882787 /* Resources */,
			);
			buildRules = (
			);
			dependencies = (
			);
			name = MemoryLeakTest;
			productName = MemoryLeakTest;
			productReference = 1A2398E019FD13D700882787 /* MemoryLeakTest.app */;
			productType = "com.apple.product-type.application";
		};
		1A2398F419FD13D800882787 /* MemoryLeakTestTests */ = {
			isa = PBXNativeTarget;
			buildConfigurationList = 1A23990219FD13D800882787 /* Build configuration list for PBXNativeTarget "MemoryLeakTestTests" */;
			buildPhases = (
				1A2398F119FD13D800882787 /* Sources */,
				1A2398F219FD13D800882787 /* Frameworks */,
				1A2398F319FD13D800882787 /* Resources */,
			);
			buildRules = (
			);
			dependencies = (
				1A2398F719FD13D800882787 /* PBXTargetDependency */,
			);
			name = MemoryLeakTestTests;
			productName = MemoryLeakTestTests;
			productReference = 1A2398F519FD13D800882787 /* MemoryLeakTestTests.xctest */;
			productType = "com.apple.product-type.bundle.unit-test";
		};
/* End PBXNativeTarget section */

/* Begin PBXProject section */
		1A2398D819FD13D700882787 /* Project object */ = {
			isa = PBXProject;
			attributes = {
				LastUpgradeCheck = 0600;
				ORGANIZATIONNAME = "&Beyond";
				TargetAttributes = {
					1A2398DF19FD13D700882787 = {
						CreatedOnToolsVersion = 6.0.1;
					};
					1A2398F419FD13D800882787 = {
						CreatedOnToolsVersion = 6.0.1;
						TestTargetID = 1A2398DF19FD13D700882787;
					};
				};
			};
			buildConfigurationList = 1A2398DB19FD13D700882787 /* Build configuration list for PBXProject "MemoryLeakTest" */;
			compatibilityVersion = "Xcode 3.2";
			developmentRegion = English;
			hasScannedForEncodings = 0;
			knownRegions = (
				en,
				Base,
			);
			mainGroup = 1A2398D719FD13D700882787;
			productRefGroup = 1A2398E119FD13D700882787 /* Products */;
			projectDirPath = "";
			projectRoot = "";
			targets = (
				1A2398DF19FD13D700882787 /* MemoryLeakTest */,
				1A2398F419FD13D800882787 /* MemoryLeakTestTests */,
			);
		};
/* End PBXProject section */

/* Begin PBXResourcesBuildPhase section */
		1A2398DE19FD13D700882787 /* Resources */ = {
			isa = PBXResourcesBuildPhase;
			buildActionMask = 2147483647;
			files = (
				1A23991419FD145000882787 /* Images.xcassets in Resources */,
				1A23991819FD145000882787 /* Main.storyboard in Resources */,
			);
			runOnlyForDeploymentPostprocessing = 0;
		};
		1A2398F319FD13D800882787 /* Resources */ = {
			isa = PBXResourcesBuildPhase;
			buildActionMask = 2147483647;
			files = (
			);
			runOnlyForDeploymentPostprocessing = 0;
		};
/* End PBXResourcesBuildPhase section */

/* Begin PBXSourcesBuildPhase section */
		1A2398DC19FD13D700882787 /* Sources */ = {
			isa = PBXSourcesBuildPhase;
			buildActionMask = 2147483647;
			files = (
				1A23991A19FD234600882787 /* Person.swift in Sources */,
				1A23991519FD145000882787 /* AppDelegate.swift in Sources */,
				1A23991319FD145000882787 /* ViewController.swift in Sources */,
			);
			runOnlyForDeploymentPostprocessing = 0;
		};
		1A2398F119FD13D800882787 /* Sources */ = {
			isa = PBXSourcesBuildPhase;
			buildActionMask = 2147483647;
			files = (
				1A2398FC19FD13D800882787 /* MemoryLeakTestTests.swift in Sources */,
			);
			runOnlyForDeploymentPostprocessing = 0;
		};
/* End PBXSourcesBuildPhase section */

/* Begin PBXTargetDependency section */
		1A2398F719FD13D800882787 /* PBXTargetDependency */ = {
			isa = PBXTargetDependency;
			target = 1A2398DF19FD13D700882787 /* MemoryLeakTest */;
			targetProxy = 1A2398F619FD13D800882787 /* PBXContainerItemProxy */;
		};
/* End PBXTargetDependency section */

/* Begin PBXVariantGroup section */
		1A23991019FD145000882787 /* Main.storyboard */ = {
			isa = PBXVariantGroup;
			children = (
				1A23991119FD145000882787 /* Base */,
			);
			name = Main.storyboard;
			sourceTree = "<group>";
		};
/* End PBXVariantGroup section */

/* Begin XCBuildConfiguration section */
		1A2398FD19FD13D800882787 /* Debug */ = {
			isa = XCBuildConfiguration;
			buildSettings = {
				ALWAYS_SEARCH_USER_PATHS = NO;
				CLANG_CXX_LANGUAGE_STANDARD = "gnu++0x";
				CLANG_CXX_LIBRARY = "libc++";
				CLANG_ENABLE_MODULES = YES;
				CLANG_ENABLE_OBJC_ARC = YES;
				CLANG_WARN_BOOL_CONVERSION = YES;
				CLANG_WARN_CONSTANT_CONVERSION = YES;
				CLANG_WARN_DIRECT_OBJC_ISA_USAGE = YES_ERROR;
				CLANG_WARN_EMPTY_BODY = YES;
				CLANG_WARN_ENUM_CONVERSION = YES;
				CLANG_WARN_INT_CONVERSION = YES;
				CLANG_WARN_OBJC_ROOT_CLASS = YES_ERROR;
				CLANG_WARN_UNREACHABLE_CODE = YES;
				CLANG_WARN__DUPLICATE_METHOD_MATCH = YES;
				"CODE_SIGN_IDENTITY[sdk=iphoneos*]" = "iPhone Developer";
				COPY_PHASE_STRIP = NO;
				ENABLE_STRICT_OBJC_MSGSEND = YES;
				GCC_C_LANGUAGE_STANDARD = gnu99;
				GCC_DYNAMIC_NO_PIC = NO;
				GCC_OPTIMIZATION_LEVEL = 0;
				GCC_PREPROCESSOR_DEFINITIONS = (
					"DEBUG=1",
					"$(inherited)",
				);
				GCC_SYMBOLS_PRIVATE_EXTERN = NO;
				GCC_WARN_64_TO_32_BIT_CONVERSION = YES;
				GCC_WARN_ABOUT_RETURN_TYPE = YES_ERROR;
				GCC_WARN_UNDECLARED_SELECTOR = YES;
				GCC_WARN_UNINITIALIZED_AUTOS = YES_AGGRESSIVE;
				GCC_WARN_UNUSED_FUNCTION = YES;
				GCC_WARN_UNUSED_VARIABLE = YES;
				IPHONEOS_DEPLOYMENT_TARGET = 8.0;
				MTL_ENABLE_DEBUG_INFO = YES;
				ONLY_ACTIVE_ARCH = YES;
				SDKROOT = iphoneos;
				SWIFT_OPTIMIZATION_LEVEL = "-Onone";
				TARGETED_DEVICE_FAMILY = "1,2";
			};
			name = Debug;
		};
		1A2398FE19FD13D800882787 /* Release */ = {
			isa = XCBuildConfiguration;
			buildSettings = {
				ALWAYS_SEARCH_USER_PATHS = NO;
				CLANG_CXX_LANGUAGE_STANDARD = "gnu++0x";
				CLANG_CXX_LIBRARY = "libc++";
				CLANG_ENABLE_MODULES = YES;
				CLANG_ENABLE_OBJC_ARC = YES;
				CLANG_WARN_BOOL_CONVERSION = YES;
				CLANG_WARN_CONSTANT_CONVERSION = YES;
				CLANG_WARN_DIRECT_OBJC_ISA_USAGE = YES_ERROR;
				CLANG_WARN_EMPTY_BODY = YES;
				CLANG_WARN_ENUM_CONVERSION = YES;
				CLANG_WARN_INT_CONVERSION = YES;
				CLANG_WARN_OBJC_ROOT_CLASS = YES_ERROR;
				CLANG_WARN_UNREACHABLE_CODE = YES;
				CLANG_WARN__DUPLICATE_METHOD_MATCH = YES;
				"CODE_SIGN_IDENTITY[sdk=iphoneos*]" = "iPhone Developer";
				COPY_PHASE_STRIP = YES;
				ENABLE_NS_ASSERTIONS = NO;
				ENABLE_STRICT_OBJC_MSGSEND = YES;
				GCC_C_LANGUAGE_STANDARD = gnu99;
				GCC_WARN_64_TO_32_BIT_CONVERSION = YES;
				GCC_WARN_ABOUT_RETURN_TYPE = YES_ERROR;
				GCC_WARN_UNDECLARED_SELECTOR = YES;
				GCC_WARN_UNINITIALIZED_AUTOS = YES_AGGRESSIVE;
				GCC_WARN_UNUSED_FUNCTION = YES;
				GCC_WARN_UNUSED_VARIABLE = YES;
				IPHONEOS_DEPLOYMENT_TARGET = 8.0;
				MTL_ENABLE_DEBUG_INFO = NO;
				SDKROOT = iphoneos;
				TARGETED_DEVICE_FAMILY = "1,2";
				VALIDATE_PRODUCT = YES;
			};
			name = Release;
		};
		1A23990019FD13D800882787 /* Debug */ = {
			isa = XCBuildConfiguration;
			buildSettings = {
				ASSETCATALOG_COMPILER_APPICON_NAME = AppIcon;
				INFOPLIST_FILE = "$(SRCROOT)/MemoryLeakTest/Supporting Files/Info.plist";
				LD_RUNPATH_SEARCH_PATHS = "$(inherited) @executable_path/Frameworks";
				PRODUCT_NAME = "$(TARGET_NAME)";
			};
			name = Debug;
		};
		1A23990119FD13D800882787 /* Release */ = {
			isa = XCBuildConfiguration;
			buildSettings = {
				ASSETCATALOG_COMPILER_APPICON_NAME = AppIcon;
				INFOPLIST_FILE = "$(SRCROOT)/MemoryLeakTest/Supporting Files/Info.plist";
				LD_RUNPATH_SEARCH_PATHS = "$(inherited) @executable_path/Frameworks";
				PRODUCT_NAME = "$(TARGET_NAME)";
			};
			name = Release;
		};
		1A23990319FD13D800882787 /* Debug */ = {
			isa = XCBuildConfiguration;
			buildSettings = {
				BUNDLE_LOADER = "$(TEST_HOST)";
				FRAMEWORK_SEARCH_PATHS = (
					"$(SDKROOT)/Developer/Library/Frameworks",
					"$(inherited)",
				);
				GCC_PREPROCESSOR_DEFINITIONS = (
					"DEBUG=1",
					"$(inherited)",
				);
				INFOPLIST_FILE = MemoryLeakTestTests/Info.plist;
				LD_RUNPATH_SEARCH_PATHS = "$(inherited) @executable_path/Frameworks @loader_path/Frameworks";
				PRODUCT_NAME = "$(TARGET_NAME)";
				TEST_HOST = "$(BUILT_PRODUCTS_DIR)/MemoryLeakTest.app/MemoryLeakTest";
			};
			name = Debug;
		};
		1A23990419FD13D800882787 /* Release */ = {
			isa = XCBuildConfiguration;
			buildSettings = {
				BUNDLE_LOADER = "$(TEST_HOST)";
				FRAMEWORK_SEARCH_PATHS = (
					"$(SDKROOT)/Developer/Library/Frameworks",
					"$(inherited)",
				);
				INFOPLIST_FILE = MemoryLeakTestTests/Info.plist;
				LD_RUNPATH_SEARCH_PATHS = "$(inherited) @executable_path/Frameworks @loader_path/Frameworks";
				PRODUCT_NAME = "$(TARGET_NAME)";
				TEST_HOST = "$(BUILT_PRODUCTS_DIR)/MemoryLeakTest.app/MemoryLeakTest";
			};
			name = Release;
		};
/* End XCBuildConfiguration section */

/* Begin XCConfigurationList section */
		1A2398DB19FD13D700882787 /* Build configuration list for PBXProject "MemoryLeakTest" */ = {
			isa = XCConfigurationList;
			buildConfigurations = (
				1A2398FD19FD13D800882787 /* Debug */,
				1A2398FE19FD13D800882787 /* Release */,
			);
			defaultConfigurationIsVisible = 0;
			defaultConfigurationName = Release;
		};
		1A2398FF19FD13D800882787 /* Build configuration list for PBXNativeTarget "MemoryLeakTest" */ = {
			isa = XCConfigurationList;
			buildConfigurations = (
				1A23990019FD13D800882787 /* Debug */,
				1A23990119FD13D800882787 /* Release */,
			);
			defaultConfigurationIsVisible = 0;
		};
		1A23990219FD13D800882787 /* Build configuration list for PBXNativeTarget "MemoryLeakTestTests" */ = {
			isa = XCConfigurationList;
			buildConfigurations = (
				1A23990319FD13D800882787 /* Debug */,
				1A23990419FD13D800882787 /* Release */,
			);
			defaultConfigurationIsVisible = 0;
		};
/* End XCConfigurationList section */
	};
	rootObject = 1A2398D819FD13D700882787 /* Project object */;
}
